
Microsoft Visual Studio Solution File, Format Version 12.00
# Visual Studio Version 17
VisualStudioVersion = 17.3.32804.467
MinimumVisualStudioVersion = 10.0.40219.1
Project("{888888A0-9F3D-457C-B088-3A5042F75D52}") = "UpMenuServerSide", "UpMenuServerSide.pyproj", "{4AAA8638-E6DD-413A-B713-0FAE8EF5E36D}"
EndProject
Global
	GlobalSection(SolutionConfigurationPlatforms) = preSolution
		Debug|Any CPU = Debug|Any CPU
		Release|Any CPU = Release|Any CPU
	EndGlobalSection
	GlobalSection(ProjectConfigurationPlatforms) = postSolution
		{4AAA8638-E6DD-413A-B713-0FAE8EF5E36D}.Debug|Any CPU.ActiveCfg = Debug|Any CPU
		{4AAA8638-E6DD-413A-B713-0FAE8EF5E36D}.Debug|Any CPU.Build.0 = Debug|Any CPU
		{4AAA8638-E6DD-413A-B713-0FAE8EF5E36D}.Release|Any CPU.ActiveCfg = Release|Any CPU
		{4AAA8638-E6DD-413A-B713-0FAE8EF5E36D}.Release|Any CPU.Build.0 = Release|Any CPU
	EndGlobalSection
	GlobalSection(SolutionProperties) = preSolution
		HideSolutionNode = FALSE
	EndGlobalSection
	GlobalSection(ExtensibilityGlobals) = postSolution
		SolutionGuid = {8604F381-BFD4-4695-8FD9-D1ADCB062E94}
	EndGlobalSection
EndGlobal
